
Microsoft Visual Studio Solution File, Format Version 12.00
# Visual Studio Version 17
VisualStudioVersion = 17.4.33103.184
MinimumVisualStudioVersion = 10.0.40219.1
Project("{9A19103F-16F7-4668-BE54-9A1E7A4F7556}") = "ContrcrWebsite", "ContrcrWebsite\ContrcrWebsite.csproj", "{B0A87368-CBF2-4B32-8524-9287E54E539A}"
EndProject
Global
	GlobalSection(SolutionConfigurationPlatforms) = preSolution
		Debug|Any CPU = Debug|Any CPU
		Release|Any CPU = Release|Any CPU
	EndGlobalSection
	GlobalSection(ProjectConfigurationPlatforms) = postSolution
		{B0A87368-CBF2-4B32-8524-9287E54E539A}.Debug|Any CPU.ActiveCfg = Debug|Any CPU
		{B0A87368-CBF2-4B32-8524-9287E54E539A}.Debug|Any CPU.Build.0 = Debug|Any CPU
		{B0A87368-CBF2-4B32-8524-9287E54E539A}.Release|Any CPU.ActiveCfg = Release|Any CPU
		{B0A87368-CBF2-4B32-8524-9287E54E539A}.Release|Any CPU.Build.0 = Release|Any CPU
	EndGlobalSection
	GlobalSection(SolutionProperties) = preSolution
		HideSolutionNode = FALSE
	EndGlobalSection
	GlobalSection(ExtensibilityGlobals) = postSolution
		SolutionGuid = {E3C8BC04-2967-4502-A04A-E485B2EF96F3}
	EndGlobalSection
EndGlobal
